{
  "name": "waveaudio",
  "version": "1.0.0",
  "lockfileVersion": 2,
  "requires": true,
  "packages": {
    "": {
      "name": "waveaudio",
      "version": "1.0.0",
      "license": "ISC",
      "dependencies": {
        "tonegenerator": "^0.3.2",
        "waveheader": "^0.0.2"
      }
    },
    "node_modules/debug": {
      "version": "0.7.4",
      "resolved": "https://registry.npmjs.org/debug/-/debug-0.7.4.tgz",
      "integrity": "sha1-BuHqgILCyxTjmAbiLi9vdX+Srzk=",
      "engines": {
        "node": "*"
      }
    },
    "node_modules/tonegenerator": {
      "version": "0.3.2",
      "resolved": "https://registry.npmjs.org/tonegenerator/-/tonegenerator-0.3.2.tgz",
      "integrity": "sha512-TWAMl0cf33WwkEF+jcIIKugwG+UMfWvi1cdjOUU81FWEM6znHbZ8U+ELzvm2goOJPDwcq+qfwbuJGle0F1ZjqA=="
    },
    "node_modules/waveheader": {
      "version": "0.0.2",
      "resolved": "https://registry.npmjs.org/waveheader/-/waveheader-0.0.2.tgz",
      "integrity": "sha1-Xbj1M8GfaK/QOBMwbQbnveK4vEM=",
      "dependencies": {
        "debug": "~0.7.2"
      }
    }
  },
  "dependencies": {
    "debug": {
      "version": "0.7.4",
      "resolved": "https://registry.npmjs.org/debug/-/debug-0.7.4.tgz",
      "integrity": "sha1-BuHqgILCyxTjmAbiLi9vdX+Srzk="
    },
    "tonegenerator": {
      "version": "0.3.2",
      "resolved": "https://registry.npmjs.org/tonegenerator/-/tonegenerator-0.3.2.tgz",
      "integrity": "sha512-TWAMl0cf33WwkEF+jcIIKugwG+UMfWvi1cdjOUU81FWEM6znHbZ8U+ELzvm2goOJPDwcq+qfwbuJGle0F1ZjqA=="
    },
    "waveheader": {
      "version": "0.0.2",
      "resolved": "https://registry.npmjs.org/waveheader/-/waveheader-0.0.2.tgz",
      "integrity": "sha1-Xbj1M8GfaK/QOBMwbQbnveK4vEM=",
      "requires": {
        "debug": "~0.7.2"
      }
    }
  }
}
